{
  "name": "minecraft-auto-pilot",
  "version": "1.0.0",
  "lockfileVersion": 1,
  "requires": true,
  "dependencies": {
    "fs": {
      "version": "0.0.1-security",
      "resolved": "https://registry.npmjs.org/fs/-/fs-0.0.1-security.tgz",
      "integrity": "sha1-invTcYa23d84E/I4WLV+yq9eQdQ="
    },
    "rcon-client": {
      "version": "4.2.3",
      "resolved": "https://registry.npmjs.org/rcon-client/-/rcon-client-4.2.3.tgz",
      "integrity": "sha512-g+DEzI3O0Nl4Y3mPp6DHhSpYeiv+wTq8iKxCumFGO0/SMCsdNfx9bpT5RyHa7phR5dvspKfQK0ZYJp1YCtXNng==",
      "requires": {
        "typed-emitter": "^0.1.0"
      }
    },
    "run-script-os": {
      "version": "1.1.6",
      "resolved": "https://registry.npmjs.org/run-script-os/-/run-script-os-1.1.6.tgz",
      "integrity": "sha512-ql6P2LzhBTTDfzKts+Qo4H94VUKpxKDFz6QxxwaUZN0mwvi7L3lpOI7BqPCq7lgDh3XLl0dpeXwfcVIitlrYrw==",
      "dev": true
    },
    "typed-emitter": {
      "version": "0.1.0",
      "resolved": "https://registry.npmjs.org/typed-emitter/-/typed-emitter-0.1.0.tgz",
      "integrity": "sha512-Tfay0l6gJMP5rkil8CzGbLthukn+9BN/VXWcABVFPjOoelJ+koW8BuPZYk+h/L+lEeIp1fSzVRiWRPIjKVjPdg=="
    }
  }
}
